
Microsoft Visual Studio Solution File, Format Version 12.00
# Visual Studio Version 17
VisualStudioVersion = 17.1.32328.378
MinimumVisualStudioVersion = 10.0.40219.1
Project("{8BC9CEB8-8B4A-11D0-8D11-00A0C91BC942}") = "P3719", "P3719\P3719.vcxproj", "{839EFFBF-6025-4326-8195-81D74EF8B35F}"
EndProject
Global
	GlobalSection(SolutionConfigurationPlatforms) = preSolution
		Debug|x64 = Debug|x64
		Debug|x86 = Debug|x86
		Release|x64 = Release|x64
		Release|x86 = Release|x86
	EndGlobalSection
	GlobalSection(ProjectConfigurationPlatforms) = postSolution
		{839EFFBF-6025-4326-8195-81D74EF8B35F}.Debug|x64.ActiveCfg = Debug|x64
		{839EFFBF-6025-4326-8195-81D74EF8B35F}.Debug|x64.Build.0 = Debug|x64
		{839EFFBF-6025-4326-8195-81D74EF8B35F}.Debug|x86.ActiveCfg = Debug|Win32
		{839EFFBF-6025-4326-8195-81D74EF8B35F}.Debug|x86.Build.0 = Debug|Win32
		{839EFFBF-6025-4326-8195-81D74EF8B35F}.Release|x64.ActiveCfg = Release|x64
		{839EFFBF-6025-4326-8195-81D74EF8B35F}.Release|x64.Build.0 = Release|x64
		{839EFFBF-6025-4326-8195-81D74EF8B35F}.Release|x86.ActiveCfg = Release|Win32
		{839EFFBF-6025-4326-8195-81D74EF8B35F}.Release|x86.Build.0 = Release|Win32
	EndGlobalSection
	GlobalSection(SolutionProperties) = preSolution
		HideSolutionNode = FALSE
	EndGlobalSection
	GlobalSection(ExtensibilityGlobals) = postSolution
		SolutionGuid = {80CC9149-6A23-4D16-922C-B1D7A559840C}
	EndGlobalSection
EndGlobal
