
Microsoft Visual Studio Solution File, Format Version 12.00
# Visual Studio Version 17
VisualStudioVersion = 17.0.32112.339
MinimumVisualStudioVersion = 10.0.40219.1
Project("{8BC9CEB8-8B4A-11D0-8D11-00A0C91BC942}") = "P1059", "P1059\P1059.vcxproj", "{9F043D5A-EE02-4B29-B531-0A0A02071B24}"
EndProject
Global
	GlobalSection(SolutionConfigurationPlatforms) = preSolution
		Debug|x64 = Debug|x64
		Debug|x86 = Debug|x86
		Release|x64 = Release|x64
		Release|x86 = Release|x86
	EndGlobalSection
	GlobalSection(ProjectConfigurationPlatforms) = postSolution
		{9F043D5A-EE02-4B29-B531-0A0A02071B24}.Debug|x64.ActiveCfg = Debug|x64
		{9F043D5A-EE02-4B29-B531-0A0A02071B24}.Debug|x64.Build.0 = Debug|x64
		{9F043D5A-EE02-4B29-B531-0A0A02071B24}.Debug|x86.ActiveCfg = Debug|Win32
		{9F043D5A-EE02-4B29-B531-0A0A02071B24}.Debug|x86.Build.0 = Debug|Win32
		{9F043D5A-EE02-4B29-B531-0A0A02071B24}.Release|x64.ActiveCfg = Release|x64
		{9F043D5A-EE02-4B29-B531-0A0A02071B24}.Release|x64.Build.0 = Release|x64
		{9F043D5A-EE02-4B29-B531-0A0A02071B24}.Release|x86.ActiveCfg = Release|Win32
		{9F043D5A-EE02-4B29-B531-0A0A02071B24}.Release|x86.Build.0 = Release|Win32
	EndGlobalSection
	GlobalSection(SolutionProperties) = preSolution
		HideSolutionNode = FALSE
	EndGlobalSection
	GlobalSection(ExtensibilityGlobals) = postSolution
		SolutionGuid = {B9E8DA72-EB4B-4BDC-B467-814EB322A5D7}
	EndGlobalSection
EndGlobal
