
Microsoft Visual Studio Solution File, Format Version 12.00
# Visual Studio Version 17
VisualStudioVersion = 17.0.32112.339
MinimumVisualStudioVersion = 10.0.40219.1
Project("{8BC9CEB8-8B4A-11D0-8D11-00A0C91BC942}") = "P1952", "P1952\P1952.vcxproj", "{83A9DE4F-7DE4-444D-B5D4-0CA51DE6CB80}"
EndProject
Global
	GlobalSection(SolutionConfigurationPlatforms) = preSolution
		Debug|x64 = Debug|x64
		Debug|x86 = Debug|x86
		Release|x64 = Release|x64
		Release|x86 = Release|x86
	EndGlobalSection
	GlobalSection(ProjectConfigurationPlatforms) = postSolution
		{83A9DE4F-7DE4-444D-B5D4-0CA51DE6CB80}.Debug|x64.ActiveCfg = Debug|x64
		{83A9DE4F-7DE4-444D-B5D4-0CA51DE6CB80}.Debug|x64.Build.0 = Debug|x64
		{83A9DE4F-7DE4-444D-B5D4-0CA51DE6CB80}.Debug|x86.ActiveCfg = Debug|Win32
		{83A9DE4F-7DE4-444D-B5D4-0CA51DE6CB80}.Debug|x86.Build.0 = Debug|Win32
		{83A9DE4F-7DE4-444D-B5D4-0CA51DE6CB80}.Release|x64.ActiveCfg = Release|x64
		{83A9DE4F-7DE4-444D-B5D4-0CA51DE6CB80}.Release|x64.Build.0 = Release|x64
		{83A9DE4F-7DE4-444D-B5D4-0CA51DE6CB80}.Release|x86.ActiveCfg = Release|Win32
		{83A9DE4F-7DE4-444D-B5D4-0CA51DE6CB80}.Release|x86.Build.0 = Release|Win32
	EndGlobalSection
	GlobalSection(SolutionProperties) = preSolution
		HideSolutionNode = FALSE
	EndGlobalSection
	GlobalSection(ExtensibilityGlobals) = postSolution
		SolutionGuid = {CC7C1541-6F63-40E1-B33F-B161E3A5140F}
	EndGlobalSection
EndGlobal
